NeoBundleLock caw.vim e82ae00f3fc03289d4054b44f100025a1bc81939
NeoBundleLock colorizer afc1491e5b9c36305ce710bdad2b48f069141183
NeoBundleLock emmet-vim 63c98d801b2123cc0e88f622644770ca7d89e791
NeoBundleLock html5.vim 9bfa00bdb3fdca07c490b527e5e6ec6c4b017d3b
NeoBundleLock jedi-vim 132d8506ab40d1977310eb91bfb86c0d983e2812
NeoBundleLock neobundle.vim 1306c131ff0a6cc094b7ff0727350e442b5427f1
NeoBundleLock unite.vim 7ed231f2dbceb82b3ed81dc5ef999c94c2528586
NeoBundleLock vim-autopep8 4191261db378fcad4213fc59a7f3be0c2735d543
NeoBundleLock vim-css3-syntax d8681a0d5e4cfa5fc5f6e69cc70ed68f11439aa4
NeoBundleLock vim-fugitive 1a7b07cf220eba986418bb2d29fc0fee3ee9cbf1
NeoBundleLock vim-processing ccba46b540919b6cb774368837f4f80aa49fb8a3
NeoBundleLock vim-quickrun 825f9f195521646f7001f10cad8627c48017311f
NeoBundleLock vimproc.vim 2300224d366642f4f8d6f88861535d4ccbe20143
NeoBundleLock vimshell 03bf7673a5098918a533000d67dca97546695237
